
Microsoft Visual Studio Solution File, Format Version 12.00
# Visual Studio Version 16
VisualStudioVersion = 16.0.31129.286
MinimumVisualStudioVersion = 10.0.40219.1
Project("{FAE04EC0-301F-11D3-BF4B-00C04F79EFBC}") = "Cryptocurrencies", "Cryptocurrencies\Cryptocurrencies.csproj", "{22E718CF-C6D7-4557-B4AC-EC60AED4D888}"
EndProject
Global
	GlobalSection(SolutionConfigurationPlatforms) = preSolution
		Debug|Any CPU = Debug|Any CPU
		Release|Any CPU = Release|Any CPU
	EndGlobalSection
	GlobalSection(ProjectConfigurationPlatforms) = postSolution
		{22E718CF-C6D7-4557-B4AC-EC60AED4D888}.Debug|Any CPU.ActiveCfg = Debug|Any CPU
		{22E718CF-C6D7-4557-B4AC-EC60AED4D888}.Debug|Any CPU.Build.0 = Debug|Any CPU
		{22E718CF-C6D7-4557-B4AC-EC60AED4D888}.Release|Any CPU.ActiveCfg = Release|Any CPU
		{22E718CF-C6D7-4557-B4AC-EC60AED4D888}.Release|Any CPU.Build.0 = Release|Any CPU
	EndGlobalSection
	GlobalSection(SolutionProperties) = preSolution
		HideSolutionNode = FALSE
	EndGlobalSection
	GlobalSection(ExtensibilityGlobals) = postSolution
		SolutionGuid = {BF1EE4F2-07B0-40C5-BABB-9FE704EBCE78}
	EndGlobalSection
EndGlobal
